
Microsoft Visual Studio Solution File, Format Version 12.00
# Visual Studio Version 16
VisualStudioVersion = 16.0.31410.357
MinimumVisualStudioVersion = 10.0.40219.1
Project("{FAE04EC0-301F-11D3-BF4B-00C04F79EFBC}") = "WpfApp1", "WpfApp1\WpfApp1.csproj", "{6A01E0E6-B8F1-4405-9D46-2579AAF3B28E}"
EndProject
Global
	GlobalSection(SolutionConfigurationPlatforms) = preSolution
		Debug|Any CPU = Debug|Any CPU
		Release|Any CPU = Release|Any CPU
	EndGlobalSection
	GlobalSection(ProjectConfigurationPlatforms) = postSolution
		{6A01E0E6-B8F1-4405-9D46-2579AAF3B28E}.Debug|Any CPU.ActiveCfg = Debug|Any CPU
		{6A01E0E6-B8F1-4405-9D46-2579AAF3B28E}.Debug|Any CPU.Build.0 = Debug|Any CPU
		{6A01E0E6-B8F1-4405-9D46-2579AAF3B28E}.Release|Any CPU.ActiveCfg = Release|Any CPU
		{6A01E0E6-B8F1-4405-9D46-2579AAF3B28E}.Release|Any CPU.Build.0 = Release|Any CPU
	EndGlobalSection
	GlobalSection(SolutionProperties) = preSolution
		HideSolutionNode = FALSE
	EndGlobalSection
	GlobalSection(ExtensibilityGlobals) = postSolution
		SolutionGuid = {B4916652-1226-4248-A6E2-975264AC6AC0}
	EndGlobalSection
EndGlobal
